// !$*UTF8*$!
{
	archiveVersion = 1;
	classes = {
	};
	objectVersion = 46;
	objects = {

/* Begin PBXBuildFile section */
		5B62D29E1BC4132700DF1D56 /* AppDelegate.swift in Sources */ = {isa = PBXBuildFile; fileRef = 5B62D29D1BC4132700DF1D56 /* AppDelegate.swift */; };
		5B62D2A31BC4132700DF1D56 /* Main.storyboard in Resources */ = {isa = PBXBuildFile; fileRef = 5B62D2A11BC4132700DF1D56 /* Main.storyboard */; };
		5B62D2A51BC4132700DF1D56 /* Assets.xcassets in Resources */ = {isa = PBXBuildFile; fileRef = 5B62D2A41BC4132700DF1D56 /* Assets.xcassets */; };
		5B62D2A81BC4132700DF1D56 /* LaunchScreen.storyboard in Resources */ = {isa = PBXBuildFile; fileRef = 5B62D2A61BC4132700DF1D56 /* LaunchScreen.storyboard */; };
		5B62D2B01BC413B500DF1D56 /* TwitterTableViewController.swift in Sources */ = {isa = PBXBuildFile; fileRef = 5B62D2AF1BC413B500DF1D56 /* TwitterTableViewController.swift */; settings = {ASSET_TAGS = (); }; };
		5B62D2C71BC417F600DF1D56 /* MediaItem.swift in Sources */ = {isa = PBXBuildFile; fileRef = 5B62D2C31BC417F600DF1D56 /* MediaItem.swift */; settings = {ASSET_TAGS = (); }; };
		5B62D2C81BC417F600DF1D56 /* Tweet.swift in Sources */ = {isa = PBXBuildFile; fileRef = 5B62D2C41BC417F600DF1D56 /* Tweet.swift */; settings = {ASSET_TAGS = (); }; };
		5B62D2C91BC417F600DF1D56 /* TwitterRequest.swift in Sources */ = {isa = PBXBuildFile; fileRef = 5B62D2C51BC417F600DF1D56 /* TwitterRequest.swift */; settings = {ASSET_TAGS = (); }; };
		5B62D2CA1BC417F600DF1D56 /* User.swift in Sources */ = {isa = PBXBuildFile; fileRef = 5B62D2C61BC417F600DF1D56 /* User.swift */; settings = {ASSET_TAGS = (); }; };
		5BD493801BC43FEA004A115E /* TweetTableViewCell.swift in Sources */ = {isa = PBXBuildFile; fileRef = 5BD4937F1BC43FEA004A115E /* TweetTableViewCell.swift */; settings = {ASSET_TAGS = (); }; };
		5BFFC5641BCAA9680028D510 /* TweetTableViewController.swift in Sources */ = {isa = PBXBuildFile; fileRef = 5BFFC5631BCAA9680028D510 /* TweetTableViewController.swift */; settings = {ASSET_TAGS = (); }; };
/* End PBXBuildFile section */

/* Begin PBXFileReference section */
		5B62D29A1BC4132700DF1D56 /* TwitterSmash.app */ = {isa = PBXFileReference; explicitFileType = wrapper.application; includeInIndex = 0; path = TwitterSmash.app; sourceTree = BUILT_PRODUCTS_DIR; };
		5B62D29D1BC4132700DF1D56 /* AppDelegate.swift */ = {isa = PBXFileReference; lastKnownFileType = sourcecode.swift; path = AppDelegate.swift; sourceTree = "<group>"; };
		5B62D2A21BC4132700DF1D56 /* Base */ = {isa = PBXFileReference; lastKnownFileType = file.storyboard; name = Base; path = Base.lproj/Main.storyboard; sourceTree = "<group>"; };
		5B62D2A41BC4132700DF1D56 /* Assets.xcassets */ = {isa = PBXFileReference; lastKnownFileType = folder.assetcatalog; path = Assets.xcassets; sourceTree = "<group>"; };
		5B62D2A71BC4132700DF1D56 /* Base */ = {isa = PBXFileReference; lastKnownFileType = file.storyboard; name = Base; path = Base.lproj/LaunchScreen.storyboard; sourceTree = "<group>"; };
		5B62D2A91BC4132700DF1D56 /* Info.plist */ = {isa = PBXFileReference; lastKnownFileType = text.plist.xml; path = Info.plist; sourceTree = "<group>"; };
		5B62D2AF1BC413B500DF1D56 /* TwitterTableViewController.swift */ = {isa = PBXFileReference; fileEncoding = 4; lastKnownFileType = sourcecode.swift; path = TwitterTableViewController.swift; sourceTree = "<group>"; };
		5B62D2C31BC417F600DF1D56 /* MediaItem.swift */ = {isa = PBXFileReference; fileEncoding = 4; lastKnownFileType = sourcecode.swift; path = MediaItem.swift; sourceTree = "<group>"; };
		5B62D2C41BC417F600DF1D56 /* Tweet.swift */ = {isa = PBXFileReference; fileEncoding = 4; lastKnownFileType = sourcecode.swift; path = Tweet.swift; sourceTree = "<group>"; };
		5B62D2C51BC417F600DF1D56 /* TwitterRequest.swift */ = {isa = PBXFileReference; fileEncoding = 4; lastKnownFileType = sourcecode.swift; path = TwitterRequest.swift; sourceTree = "<group>"; };
		5B62D2C61BC417F600DF1D56 /* User.swift */ = {isa = PBXFileReference; fileEncoding = 4; lastKnownFileType = sourcecode.swift; path = User.swift; sourceTree = "<group>"; };
		5BD4937F1BC43FEA004A115E /* TweetTableViewCell.swift */ = {isa = PBXFileReference; fileEncoding = 4; lastKnownFileType = sourcecode.swift; path = TweetTableViewCell.swift; sourceTree = "<group>"; };
		5BFFC5631BCAA9680028D510 /* TweetTableViewController.swift */ = {isa = PBXFileReference; fileEncoding = 4; lastKnownFileType = sourcecode.swift; path = TweetTableViewController.swift; sourceTree = "<group>"; };
/* End PBXFileReference section */

/* Begin PBXFrameworksBuildPhase section */
		5B62D2971BC4132700DF1D56 /* Frameworks */ = {
			isa = PBXFrameworksBuildPhase;
			buildActionMask = 2147483647;
			files = (
			);
			runOnlyForDeploymentPostprocessing = 0;
		};
/* End PBXFrameworksBuildPhase section */

/* Begin PBXGroup section */
		5B62D2911BC4132700DF1D56 = {
			isa = PBXGroup;
			children = (
				5B62D29C1BC4132700DF1D56 /* TwitterSmash */,
				5B62D29B1BC4132700DF1D56 /* Products */,
			);
			sourceTree = "<group>";
		};
		5B62D29B1BC4132700DF1D56 /* Products */ = {
			isa = PBXGroup;
			children = (
				5B62D29A1BC4132700DF1D56 /* TwitterSmash.app */,
			);
			name = Products;
			sourceTree = "<group>";
		};
		5B62D29C1BC4132700DF1D56 /* TwitterSmash */ = {
			isa = PBXGroup;
			children = (
				5B62D2C21BC417F600DF1D56 /* Twitter Swift 1.2 */,
				5B62D29D1BC4132700DF1D56 /* AppDelegate.swift */,
				5B62D2A11BC4132700DF1D56 /* Main.storyboard */,
				5B62D2A41BC4132700DF1D56 /* Assets.xcassets */,
				5B62D2A61BC4132700DF1D56 /* LaunchScreen.storyboard */,
				5B62D2A91BC4132700DF1D56 /* Info.plist */,
				5B62D2AF1BC413B500DF1D56 /* TwitterTableViewController.swift */,
				5BD4937F1BC43FEA004A115E /* TweetTableViewCell.swift */,
				5BFFC5631BCAA9680028D510 /* TweetTableViewController.swift */,
			);
			path = TwitterSmash;
			sourceTree = "<group>";
		};
		5B62D2C21BC417F600DF1D56 /* Twitter Swift 1.2 */ = {
			isa = PBXGroup;
			children = (
				5B62D2C31BC417F600DF1D56 /* MediaItem.swift */,
				5B62D2C41BC417F600DF1D56 /* Tweet.swift */,
				5B62D2C51BC417F600DF1D56 /* TwitterRequest.swift */,
				5B62D2C61BC417F600DF1D56 /* User.swift */,
			);
			path = "Twitter Swift 1.2";
			sourceTree = "<group>";
		};
/* End PBXGroup section */

/* Begin PBXNativeTarget section */
		5B62D2991BC4132700DF1D56 /* TwitterSmash */ = {
			isa = PBXNativeTarget;
			buildConfigurationList = 5B62D2AC1BC4132700DF1D56 /* Build configuration list for PBXNativeTarget "TwitterSmash" */;
			buildPhases = (
				5B62D2961BC4132700DF1D56 /* Sources */,
				5B62D2971BC4132700DF1D56 /* Frameworks */,
				5B62D2981BC4132700DF1D56 /* Resources */,
			);
			buildRules = (
			);
			dependencies = (
			);
			name = TwitterSmash;
			productName = TwitterSmash;
			productReference = 5B62D29A1BC4132700DF1D56 /* TwitterSmash.app */;
			productType = "com.apple.product-type.application";
		};
/* End PBXNativeTarget section */

/* Begin PBXProject section */
		5B62D2921BC4132700DF1D56 /* Project object */ = {
			isa = PBXProject;
			attributes = {
				LastSwiftMigration = 0700;
				LastUpgradeCheck = 0700;
				ORGANIZATIONNAME = "Martin Hartvig";
				TargetAttributes = {
					5B62D2991BC4132700DF1D56 = {
						CreatedOnToolsVersion = 7.0.1;
						DevelopmentTeam = E646U76H4R;
					};
				};
			};
			buildConfigurationList = 5B62D2951BC4132700DF1D56 /* Build configuration list for PBXProject "TwitterSmash" */;
			compatibilityVersion = "Xcode 3.2";
			developmentRegion = English;
			hasScannedForEncodings = 0;
			knownRegions = (
				en,
				Base,
			);
			mainGroup = 5B62D2911BC4132700DF1D56;
			productRefGroup = 5B62D29B1BC4132700DF1D56 /* Products */;
			projectDirPath = "";
			projectRoot = "";
			targets = (
				5B62D2991BC4132700DF1D56 /* TwitterSmash */,
			);
		};
/* End PBXProject section */

/* Begin PBXResourcesBuildPhase section */
		5B62D2981BC4132700DF1D56 /* Resources */ = {
			isa = PBXResourcesBuildPhase;
			buildActionMask = 2147483647;
			files = (
				5B62D2A81BC4132700DF1D56 /* LaunchScreen.storyboard in Resources */,
				5B62D2A51BC4132700DF1D56 /* Assets.xcassets in Resources */,
				5B62D2A31BC4132700DF1D56 /* Main.storyboard in Resources */,
			);
			runOnlyForDeploymentPostprocessing = 0;
		};
/* End PBXResourcesBuildPhase section */

/* Begin PBXSourcesBuildPhase section */
		5B62D2961BC4132700DF1D56 /* Sources */ = {
			isa = PBXSourcesBuildPhase;
			buildActionMask = 2147483647;
			files = (
				5B62D2B01BC413B500DF1D56 /* TwitterTableViewController.swift in Sources */,
				5B62D2C91BC417F600DF1D56 /* TwitterRequest.swift in Sources */,
				5B62D2CA1BC417F600DF1D56 /* User.swift in Sources */,
				5BFFC5641BCAA9680028D510 /* TweetTableViewController.swift in Sources */,
				5B62D29E1BC4132700DF1D56 /* AppDelegate.swift in Sources */,
				5B62D2C71BC417F600DF1D56 /* MediaItem.swift in Sources */,
				5B62D2C81BC417F600DF1D56 /* Tweet.swift in Sources */,
				5BD493801BC43FEA004A115E /* TweetTableViewCell.swift in Sources */,
			);
			runOnlyForDeploymentPostprocessing = 0;
		};
/* End PBXSourcesBuildPhase section */

/* Begin PBXVariantGroup section */
		5B62D2A11BC4132700DF1D56 /* Main.storyboard */ = {
			isa = PBXVariantGroup;
			children = (
				5B62D2A21BC4132700DF1D56 /* Base */,
			);
			name = Main.storyboard;
			sourceTree = "<group>";
		};
		5B62D2A61BC4132700DF1D56 /* LaunchScreen.storyboard */ = {
			isa = PBXVariantGroup;
			children = (
				5B62D2A71BC4132700DF1D56 /* Base */,
			);
			name = LaunchScreen.storyboard;
			sourceTree = "<group>";
		};
/* End PBXVariantGroup section */

/* Begin XCBuildConfiguration section */
		5B62D2AA1BC4132700DF1D56 /* Debug */ = {
			isa = XCBuildConfiguration;
			buildSettings = {
				ALWAYS_SEARCH_USER_PATHS = NO;
				CLANG_CXX_LANGUAGE_STANDARD = "gnu++0x";
				CLANG_CXX_LIBRARY = "libc++";
				CLANG_ENABLE_MODULES = YES;
				CLANG_ENABLE_OBJC_ARC = YES;
				CLANG_WARN_BOOL_CONVERSION = YES;
				CLANG_WARN_CONSTANT_CONVERSION = YES;
				CLANG_WARN_DIRECT_OBJC_ISA_USAGE = YES_ERROR;
				CLANG_WARN_EMPTY_BODY = YES;
				CLANG_WARN_ENUM_CONVERSION = YES;
				CLANG_WARN_INT_CONVERSION = YES;
				CLANG_WARN_OBJC_ROOT_CLASS = YES_ERROR;
				CLANG_WARN_UNREACHABLE_CODE = YES;
				CLANG_WARN__DUPLICATE_METHOD_MATCH = YES;
				"CODE_SIGN_IDENTITY[sdk=iphoneos*]" = "iPhone Developer";
				COPY_PHASE_STRIP = NO;
				DEBUG_INFORMATION_FORMAT = dwarf;
				ENABLE_STRICT_OBJC_MSGSEND = YES;
				ENABLE_TESTABILITY = YES;
				GCC_C_LANGUAGE_STANDARD = gnu99;
				GCC_DYNAMIC_NO_PIC = NO;
				GCC_NO_COMMON_BLOCKS = YES;
				GCC_OPTIMIZATION_LEVEL = 0;
				GCC_PREPROCESSOR_DEFINITIONS = (
					"DEBUG=1",
					"$(inherited)",
				);
				GCC_WARN_64_TO_32_BIT_CONVERSION = YES;
				GCC_WARN_ABOUT_RETURN_TYPE = YES_ERROR;
				GCC_WARN_UNDECLARED_SELECTOR = YES;
				GCC_WARN_UNINITIALIZED_AUTOS = YES_AGGRESSIVE;
				GCC_WARN_UNUSED_FUNCTION = YES;
				GCC_WARN_UNUSED_VARIABLE = YES;
				IPHONEOS_DEPLOYMENT_TARGET = 9.0;
				MTL_ENABLE_DEBUG_INFO = YES;
				ONLY_ACTIVE_ARCH = YES;
				SDKROOT = iphoneos;
				SWIFT_OPTIMIZATION_LEVEL = "-Onone";
				TARGETED_DEVICE_FAMILY = "1,2";
			};
			name = Debug;
		};
		5B62D2AB1BC4132700DF1D56 /* Release */ = {
			isa = XCBuildConfiguration;
			buildSettings = {
				ALWAYS_SEARCH_USER_PATHS = NO;
				CLANG_CXX_LANGUAGE_STANDARD = "gnu++0x";
				CLANG_CXX_LIBRARY = "libc++";
				CLANG_ENABLE_MODULES = YES;
				CLANG_ENABLE_OBJC_ARC = YES;
				CLANG_WARN_BOOL_CONVERSION = YES;
				CLANG_WARN_CONSTANT_CONVERSION = YES;
				CLANG_WARN_DIRECT_OBJC_ISA_USAGE = YES_ERROR;
				CLANG_WARN_EMPTY_BODY = YES;
				CLANG_WARN_ENUM_CONVERSION = YES;
				CLANG_WARN_INT_CONVERSION = YES;
				CLANG_WARN_OBJC_ROOT_CLASS = YES_ERROR;
				CLANG_WARN_UNREACHABLE_CODE = YES;
				CLANG_WARN__DUPLICATE_METHOD_MATCH = YES;
				"CODE_SIGN_IDENTITY[sdk=iphoneos*]" = "iPhone Developer";
				COPY_PHASE_STRIP = NO;
				DEBUG_INFORMATION_FORMAT = "dwarf-with-dsym";
				ENABLE_NS_ASSERTIONS = NO;
				ENABLE_STRICT_OBJC_MSGSEND = YES;
				GCC_C_LANGUAGE_STANDARD = gnu99;
				GCC_NO_COMMON_BLOCKS = YES;
				GCC_WARN_64_TO_32_BIT_CONVERSION = YES;
				GCC_WARN_ABOUT_RETURN_TYPE = YES_ERROR;
				GCC_WARN_UNDECLARED_SELECTOR = YES;
				GCC_WARN_UNINITIALIZED_AUTOS = YES_AGGRESSIVE;
				GCC_WARN_UNUSED_FUNCTION = YES;
				GCC_WARN_UNUSED_VARIABLE = YES;
				IPHONEOS_DEPLOYMENT_TARGET = 9.0;
				MTL_ENABLE_DEBUG_INFO = NO;
				SDKROOT = iphoneos;
				TARGETED_DEVICE_FAMILY = "1,2";
				VALIDATE_PRODUCT = YES;
			};
			name = Release;
		};
		5B62D2AD1BC4132700DF1D56 /* Debug */ = {
			isa = XCBuildConfiguration;
			buildSettings = {
				ASSETCATALOG_COMPILER_APPICON_NAME = AppIcon;
				INFOPLIST_FILE = TwitterSmash/Info.plist;
				LD_RUNPATH_SEARCH_PATHS = "$(inherited) @executable_path/Frameworks";
				PRODUCT_BUNDLE_IDENTIFIER = itu.mrha.TwitterSmash;
				PRODUCT_NAME = "$(TARGET_NAME)";
			};
			name = Debug;
		};
		5B62D2AE1BC4132700DF1D56 /* Release */ = {
			isa = XCBuildConfiguration;
			buildSettings = {
				ASSETCATALOG_COMPILER_APPICON_NAME = AppIcon;
				INFOPLIST_FILE = TwitterSmash/Info.plist;
				LD_RUNPATH_SEARCH_PATHS = "$(inherited) @executable_path/Frameworks";
				PRODUCT_BUNDLE_IDENTIFIER = itu.mrha.TwitterSmash;
				PRODUCT_NAME = "$(TARGET_NAME)";
			};
			name = Release;
		};
/* End XCBuildConfiguration section */

/* Begin XCConfigurationList section */
		5B62D2951BC4132700DF1D56 /* Build configuration list for PBXProject "TwitterSmash" */ = {
			isa = XCConfigurationList;
			buildConfigurations = (
				5B62D2AA1BC4132700DF1D56 /* Debug */,
				5B62D2AB1BC4132700DF1D56 /* Release */,
			);
			defaultConfigurationIsVisible = 0;
			defaultConfigurationName = Release;
		};
		5B62D2AC1BC4132700DF1D56 /* Build configuration list for PBXNativeTarget "TwitterSmash" */ = {
			isa = XCConfigurationList;
			buildConfigurations = (
				5B62D2AD1BC4132700DF1D56 /* Debug */,
				5B62D2AE1BC4132700DF1D56 /* Release */,
			);
			defaultConfigurationIsVisible = 0;
			defaultConfigurationName = Release;
		};
/* End XCConfigurationList section */
	};
	rootObject = 5B62D2921BC4132700DF1D56 /* Project object */;
}
