// !$*UTF8*$!
{
	archiveVersion = 1;
	classes = {
	};
	objectVersion = 46;
	objects = {

/* Begin PBXBuildFile section */
		F72A18AF1BA5C80000E76BB1 /* CalculaterBrain.swift in Sources */ = {isa = PBXBuildFile; fileRef = F72A18AE1BA5C80000E76BB1 /* CalculaterBrain.swift */; };
		F7FF3B391B9C8EE000526C23 /* AppDelegate.swift in Sources */ = {isa = PBXBuildFile; fileRef = F7FF3B381B9C8EE000526C23 /* AppDelegate.swift */; };
		F7FF3B3B1B9C8EE000526C23 /* ViewController.swift in Sources */ = {isa = PBXBuildFile; fileRef = F7FF3B3A1B9C8EE000526C23 /* ViewController.swift */; };
		F7FF3B3E1B9C8EE000526C23 /* Main.storyboard in Resources */ = {isa = PBXBuildFile; fileRef = F7FF3B3C1B9C8EE000526C23 /* Main.storyboard */; };
		F7FF3B401B9C8EE000526C23 /* Images.xcassets in Resources */ = {isa = PBXBuildFile; fileRef = F7FF3B3F1B9C8EE000526C23 /* Images.xcassets */; };
		F7FF3B431B9C8EE000526C23 /* LaunchScreen.xib in Resources */ = {isa = PBXBuildFile; fileRef = F7FF3B411B9C8EE000526C23 /* LaunchScreen.xib */; };
		F7FF3B4F1B9C8EE200526C23 /* CalculaterTests.swift in Sources */ = {isa = PBXBuildFile; fileRef = F7FF3B4E1B9C8EE200526C23 /* CalculaterTests.swift */; };
/* End PBXBuildFile section */

/* Begin PBXContainerItemProxy section */
		F7FF3B491B9C8EE100526C23 /* PBXContainerItemProxy */ = {
			isa = PBXContainerItemProxy;
			containerPortal = F7FF3B2B1B9C8EE000526C23 /* Project object */;
			proxyType = 1;
			remoteGlobalIDString = F7FF3B321B9C8EE000526C23;
			remoteInfo = Calculater;
		};
/* End PBXContainerItemProxy section */

/* Begin PBXFileReference section */
		F72A18AE1BA5C80000E76BB1 /* CalculaterBrain.swift */ = {isa = PBXFileReference; fileEncoding = 4; lastKnownFileType = sourcecode.swift; path = CalculaterBrain.swift; sourceTree = SOURCE_ROOT; };
		F7FF3B331B9C8EE000526C23 /* Calculater.app */ = {isa = PBXFileReference; explicitFileType = wrapper.application; includeInIndex = 0; path = Calculater.app; sourceTree = BUILT_PRODUCTS_DIR; };
		F7FF3B371B9C8EE000526C23 /* Info.plist */ = {isa = PBXFileReference; lastKnownFileType = text.plist.xml; path = Info.plist; sourceTree = "<group>"; };
		F7FF3B381B9C8EE000526C23 /* AppDelegate.swift */ = {isa = PBXFileReference; lastKnownFileType = sourcecode.swift; path = AppDelegate.swift; sourceTree = "<group>"; };
		F7FF3B3A1B9C8EE000526C23 /* ViewController.swift */ = {isa = PBXFileReference; lastKnownFileType = sourcecode.swift; path = ViewController.swift; sourceTree = "<group>"; };
		F7FF3B3D1B9C8EE000526C23 /* Base */ = {isa = PBXFileReference; lastKnownFileType = file.storyboard; name = Base; path = Base.lproj/Main.storyboard; sourceTree = "<group>"; };
		F7FF3B3F1B9C8EE000526C23 /* Images.xcassets */ = {isa = PBXFileReference; lastKnownFileType = folder.assetcatalog; path = Images.xcassets; sourceTree = "<group>"; };
		F7FF3B421B9C8EE000526C23 /* Base */ = {isa = PBXFileReference; lastKnownFileType = file.xib; name = Base; path = Base.lproj/LaunchScreen.xib; sourceTree = "<group>"; };
		F7FF3B481B9C8EE100526C23 /* CalculaterTests.xctest */ = {isa = PBXFileReference; explicitFileType = wrapper.cfbundle; includeInIndex = 0; path = CalculaterTests.xctest; sourceTree = BUILT_PRODUCTS_DIR; };
		F7FF3B4D1B9C8EE200526C23 /* Info.plist */ = {isa = PBXFileReference; lastKnownFileType = text.plist.xml; path = Info.plist; sourceTree = "<group>"; };
		F7FF3B4E1B9C8EE200526C23 /* CalculaterTests.swift */ = {isa = PBXFileReference; lastKnownFileType = sourcecode.swift; path = CalculaterTests.swift; sourceTree = "<group>"; };
/* End PBXFileReference section */

/* Begin PBXFrameworksBuildPhase section */
		F7FF3B301B9C8EE000526C23 /* Frameworks */ = {
			isa = PBXFrameworksBuildPhase;
			buildActionMask = 2147483647;
			files = (
			);
			runOnlyForDeploymentPostprocessing = 0;
		};
		F7FF3B451B9C8EE100526C23 /* Frameworks */ = {
			isa = PBXFrameworksBuildPhase;
			buildActionMask = 2147483647;
			files = (
			);
			runOnlyForDeploymentPostprocessing = 0;
		};
/* End PBXFrameworksBuildPhase section */

/* Begin PBXGroup section */
		F7FF3B2A1B9C8EE000526C23 = {
			isa = PBXGroup;
			children = (
				F7FF3B351B9C8EE000526C23 /* Calculater */,
				F7FF3B4B1B9C8EE100526C23 /* CalculaterTests */,
				F7FF3B341B9C8EE000526C23 /* Products */,
			);
			sourceTree = "<group>";
		};
		F7FF3B341B9C8EE000526C23 /* Products */ = {
			isa = PBXGroup;
			children = (
				F7FF3B331B9C8EE000526C23 /* Calculater.app */,
				F7FF3B481B9C8EE100526C23 /* CalculaterTests.xctest */,
			);
			name = Products;
			sourceTree = "<group>";
		};
		F7FF3B351B9C8EE000526C23 /* Calculater */ = {
			isa = PBXGroup;
			children = (
				F72A18AE1BA5C80000E76BB1 /* CalculaterBrain.swift */,
				F7FF3B3A1B9C8EE000526C23 /* ViewController.swift */,
				F7FF3B3C1B9C8EE000526C23 /* Main.storyboard */,
				F7FF3B361B9C8EE000526C23 /* Supporting Files */,
			);
			path = Calculater;
			sourceTree = "<group>";
		};
		F7FF3B361B9C8EE000526C23 /* Supporting Files */ = {
			isa = PBXGroup;
			children = (
				F7FF3B3F1B9C8EE000526C23 /* Images.xcassets */,
				F7FF3B411B9C8EE000526C23 /* LaunchScreen.xib */,
				F7FF3B381B9C8EE000526C23 /* AppDelegate.swift */,
				F7FF3B371B9C8EE000526C23 /* Info.plist */,
			);
			name = "Supporting Files";
			sourceTree = "<group>";
		};
		F7FF3B4B1B9C8EE100526C23 /* CalculaterTests */ = {
			isa = PBXGroup;
			children = (
				F7FF3B4E1B9C8EE200526C23 /* CalculaterTests.swift */,
				F7FF3B4C1B9C8EE200526C23 /* Supporting Files */,
			);
			path = CalculaterTests;
			sourceTree = "<group>";
		};
		F7FF3B4C1B9C8EE200526C23 /* Supporting Files */ = {
			isa = PBXGroup;
			children = (
				F7FF3B4D1B9C8EE200526C23 /* Info.plist */,
			);
			name = "Supporting Files";
			sourceTree = "<group>";
		};
/* End PBXGroup section */

/* Begin PBXNativeTarget section */
		F7FF3B321B9C8EE000526C23 /* Calculater */ = {
			isa = PBXNativeTarget;
			buildConfigurationList = F7FF3B521B9C8EE200526C23 /* Build configuration list for PBXNativeTarget "Calculater" */;
			buildPhases = (
				F7FF3B2F1B9C8EE000526C23 /* Sources */,
				F7FF3B301B9C8EE000526C23 /* Frameworks */,
				F7FF3B311B9C8EE000526C23 /* Resources */,
			);
			buildRules = (
			);
			dependencies = (
			);
			name = Calculater;
			productName = Calculater;
			productReference = F7FF3B331B9C8EE000526C23 /* Calculater.app */;
			productType = "com.apple.product-type.application";
		};
		F7FF3B471B9C8EE100526C23 /* CalculaterTests */ = {
			isa = PBXNativeTarget;
			buildConfigurationList = F7FF3B551B9C8EE200526C23 /* Build configuration list for PBXNativeTarget "CalculaterTests" */;
			buildPhases = (
				F7FF3B441B9C8EE100526C23 /* Sources */,
				F7FF3B451B9C8EE100526C23 /* Frameworks */,
				F7FF3B461B9C8EE100526C23 /* Resources */,
			);
			buildRules = (
			);
			dependencies = (
				F7FF3B4A1B9C8EE100526C23 /* PBXTargetDependency */,
			);
			name = CalculaterTests;
			productName = CalculaterTests;
			productReference = F7FF3B481B9C8EE100526C23 /* CalculaterTests.xctest */;
			productType = "com.apple.product-type.bundle.unit-test";
		};
/* End PBXNativeTarget section */

/* Begin PBXProject section */
		F7FF3B2B1B9C8EE000526C23 /* Project object */ = {
			isa = PBXProject;
			attributes = {
				LastUpgradeCheck = 0610;
				ORGANIZATIONNAME = "Søren Dalby";
				TargetAttributes = {
					F7FF3B321B9C8EE000526C23 = {
						CreatedOnToolsVersion = 6.1.1;
					};
					F7FF3B471B9C8EE100526C23 = {
						CreatedOnToolsVersion = 6.1.1;
						TestTargetID = F7FF3B321B9C8EE000526C23;
					};
				};
			};
			buildConfigurationList = F7FF3B2E1B9C8EE000526C23 /* Build configuration list for PBXProject "Calculater" */;
			compatibilityVersion = "Xcode 3.2";
			developmentRegion = English;
			hasScannedForEncodings = 0;
			knownRegions = (
				en,
				Base,
			);
			mainGroup = F7FF3B2A1B9C8EE000526C23;
			productRefGroup = F7FF3B341B9C8EE000526C23 /* Products */;
			projectDirPath = "";
			projectRoot = "";
			targets = (
				F7FF3B321B9C8EE000526C23 /* Calculater */,
				F7FF3B471B9C8EE100526C23 /* CalculaterTests */,
			);
		};
/* End PBXProject section */

/* Begin PBXResourcesBuildPhase section */
		F7FF3B311B9C8EE000526C23 /* Resources */ = {
			isa = PBXResourcesBuildPhase;
			buildActionMask = 2147483647;
			files = (
				F7FF3B3E1B9C8EE000526C23 /* Main.storyboard in Resources */,
				F7FF3B431B9C8EE000526C23 /* LaunchScreen.xib in Resources */,
				F7FF3B401B9C8EE000526C23 /* Images.xcassets in Resources */,
			);
			runOnlyForDeploymentPostprocessing = 0;
		};
		F7FF3B461B9C8EE100526C23 /* Resources */ = {
			isa = PBXResourcesBuildPhase;
			buildActionMask = 2147483647;
			files = (
			);
			runOnlyForDeploymentPostprocessing = 0;
		};
/* End PBXResourcesBuildPhase section */

/* Begin PBXSourcesBuildPhase section */
		F7FF3B2F1B9C8EE000526C23 /* Sources */ = {
			isa = PBXSourcesBuildPhase;
			buildActionMask = 2147483647;
			files = (
				F72A18AF1BA5C80000E76BB1 /* CalculaterBrain.swift in Sources */,
				F7FF3B3B1B9C8EE000526C23 /* ViewController.swift in Sources */,
				F7FF3B391B9C8EE000526C23 /* AppDelegate.swift in Sources */,
			);
			runOnlyForDeploymentPostprocessing = 0;
		};
		F7FF3B441B9C8EE100526C23 /* Sources */ = {
			isa = PBXSourcesBuildPhase;
			buildActionMask = 2147483647;
			files = (
				F7FF3B4F1B9C8EE200526C23 /* CalculaterTests.swift in Sources */,
			);
			runOnlyForDeploymentPostprocessing = 0;
		};
/* End PBXSourcesBuildPhase section */

/* Begin PBXTargetDependency section */
		F7FF3B4A1B9C8EE100526C23 /* PBXTargetDependency */ = {
			isa = PBXTargetDependency;
			target = F7FF3B321B9C8EE000526C23 /* Calculater */;
			targetProxy = F7FF3B491B9C8EE100526C23 /* PBXContainerItemProxy */;
		};
/* End PBXTargetDependency section */

/* Begin PBXVariantGroup section */
		F7FF3B3C1B9C8EE000526C23 /* Main.storyboard */ = {
			isa = PBXVariantGroup;
			children = (
				F7FF3B3D1B9C8EE000526C23 /* Base */,
			);
			name = Main.storyboard;
			sourceTree = "<group>";
		};
		F7FF3B411B9C8EE000526C23 /* LaunchScreen.xib */ = {
			isa = PBXVariantGroup;
			children = (
				F7FF3B421B9C8EE000526C23 /* Base */,
			);
			name = LaunchScreen.xib;
			sourceTree = "<group>";
		};
/* End PBXVariantGroup section */

/* Begin XCBuildConfiguration section */
		F7FF3B501B9C8EE200526C23 /* Debug */ = {
			isa = XCBuildConfiguration;
			buildSettings = {
				ALWAYS_SEARCH_USER_PATHS = NO;
				CLANG_CXX_LANGUAGE_STANDARD = "gnu++0x";
				CLANG_CXX_LIBRARY = "libc++";
				CLANG_ENABLE_MODULES = YES;
				CLANG_ENABLE_OBJC_ARC = YES;
				CLANG_WARN_BOOL_CONVERSION = YES;
				CLANG_WARN_CONSTANT_CONVERSION = YES;
				CLANG_WARN_DIRECT_OBJC_ISA_USAGE = YES_ERROR;
				CLANG_WARN_EMPTY_BODY = YES;
				CLANG_WARN_ENUM_CONVERSION = YES;
				CLANG_WARN_INT_CONVERSION = YES;
				CLANG_WARN_OBJC_ROOT_CLASS = YES_ERROR;
				CLANG_WARN_UNREACHABLE_CODE = YES;
				CLANG_WARN__DUPLICATE_METHOD_MATCH = YES;
				"CODE_SIGN_IDENTITY[sdk=iphoneos*]" = "iPhone Developer";
				COPY_PHASE_STRIP = NO;
				ENABLE_STRICT_OBJC_MSGSEND = YES;
				GCC_C_LANGUAGE_STANDARD = gnu99;
				GCC_DYNAMIC_NO_PIC = NO;
				GCC_OPTIMIZATION_LEVEL = 0;
				GCC_PREPROCESSOR_DEFINITIONS = (
					"DEBUG=1",
					"$(inherited)",
				);
				GCC_SYMBOLS_PRIVATE_EXTERN = NO;
				GCC_WARN_64_TO_32_BIT_CONVERSION = YES;
				GCC_WARN_ABOUT_RETURN_TYPE = YES_ERROR;
				GCC_WARN_UNDECLARED_SELECTOR = YES;
				GCC_WARN_UNINITIALIZED_AUTOS = YES_AGGRESSIVE;
				GCC_WARN_UNUSED_FUNCTION = YES;
				GCC_WARN_UNUSED_VARIABLE = YES;
				IPHONEOS_DEPLOYMENT_TARGET = 8.1;
				MTL_ENABLE_DEBUG_INFO = YES;
				ONLY_ACTIVE_ARCH = YES;
				SDKROOT = iphoneos;
				SWIFT_OPTIMIZATION_LEVEL = "-Onone";
				TARGETED_DEVICE_FAMILY = "1,2";
			};
			name = Debug;
		};
		F7FF3B511B9C8EE200526C23 /* Release */ = {
			isa = XCBuildConfiguration;
			buildSettings = {
				ALWAYS_SEARCH_USER_PATHS = NO;
				CLANG_CXX_LANGUAGE_STANDARD = "gnu++0x";
				CLANG_CXX_LIBRARY = "libc++";
				CLANG_ENABLE_MODULES = YES;
				CLANG_ENABLE_OBJC_ARC = YES;
				CLANG_WARN_BOOL_CONVERSION = YES;
				CLANG_WARN_CONSTANT_CONVERSION = YES;
				CLANG_WARN_DIRECT_OBJC_ISA_USAGE = YES_ERROR;
				CLANG_WARN_EMPTY_BODY = YES;
				CLANG_WARN_ENUM_CONVERSION = YES;
				CLANG_WARN_INT_CONVERSION = YES;
				CLANG_WARN_OBJC_ROOT_CLASS = YES_ERROR;
				CLANG_WARN_UNREACHABLE_CODE = YES;
				CLANG_WARN__DUPLICATE_METHOD_MATCH = YES;
				"CODE_SIGN_IDENTITY[sdk=iphoneos*]" = "iPhone Developer";
				COPY_PHASE_STRIP = YES;
				ENABLE_NS_ASSERTIONS = NO;
				ENABLE_STRICT_OBJC_MSGSEND = YES;
				GCC_C_LANGUAGE_STANDARD = gnu99;
				GCC_WARN_64_TO_32_BIT_CONVERSION = YES;
				GCC_WARN_ABOUT_RETURN_TYPE = YES_ERROR;
				GCC_WARN_UNDECLARED_SELECTOR = YES;
				GCC_WARN_UNINITIALIZED_AUTOS = YES_AGGRESSIVE;
				GCC_WARN_UNUSED_FUNCTION = YES;
				GCC_WARN_UNUSED_VARIABLE = YES;
				IPHONEOS_DEPLOYMENT_TARGET = 8.1;
				MTL_ENABLE_DEBUG_INFO = NO;
				SDKROOT = iphoneos;
				TARGETED_DEVICE_FAMILY = "1,2";
				VALIDATE_PRODUCT = YES;
			};
			name = Release;
		};
		F7FF3B531B9C8EE200526C23 /* Debug */ = {
			isa = XCBuildConfiguration;
			buildSettings = {
				ASSETCATALOG_COMPILER_APPICON_NAME = AppIcon;
				INFOPLIST_FILE = Calculater/Info.plist;
				LD_RUNPATH_SEARCH_PATHS = "$(inherited) @executable_path/Frameworks";
				PRODUCT_NAME = "$(TARGET_NAME)";
			};
			name = Debug;
		};
		F7FF3B541B9C8EE200526C23 /* Release */ = {
			isa = XCBuildConfiguration;
			buildSettings = {
				ASSETCATALOG_COMPILER_APPICON_NAME = AppIcon;
				INFOPLIST_FILE = Calculater/Info.plist;
				LD_RUNPATH_SEARCH_PATHS = "$(inherited) @executable_path/Frameworks";
				PRODUCT_NAME = "$(TARGET_NAME)";
			};
			name = Release;
		};
		F7FF3B561B9C8EE200526C23 /* Debug */ = {
			isa = XCBuildConfiguration;
			buildSettings = {
				BUNDLE_LOADER = "$(TEST_HOST)";
				FRAMEWORK_SEARCH_PATHS = (
					"$(SDKROOT)/Developer/Library/Frameworks",
					"$(inherited)",
				);
				GCC_PREPROCESSOR_DEFINITIONS = (
					"DEBUG=1",
					"$(inherited)",
				);
				INFOPLIST_FILE = CalculaterTests/Info.plist;
				LD_RUNPATH_SEARCH_PATHS = "$(inherited) @executable_path/Frameworks @loader_path/Frameworks";
				PRODUCT_NAME = "$(TARGET_NAME)";
				TEST_HOST = "$(BUILT_PRODUCTS_DIR)/Calculater.app/Calculater";
			};
			name = Debug;
		};
		F7FF3B571B9C8EE200526C23 /* Release */ = {
			isa = XCBuildConfiguration;
			buildSettings = {
				BUNDLE_LOADER = "$(TEST_HOST)";
				FRAMEWORK_SEARCH_PATHS = (
					"$(SDKROOT)/Developer/Library/Frameworks",
					"$(inherited)",
				);
				INFOPLIST_FILE = CalculaterTests/Info.plist;
				LD_RUNPATH_SEARCH_PATHS = "$(inherited) @executable_path/Frameworks @loader_path/Frameworks";
				PRODUCT_NAME = "$(TARGET_NAME)";
				TEST_HOST = "$(BUILT_PRODUCTS_DIR)/Calculater.app/Calculater";
			};
			name = Release;
		};
/* End XCBuildConfiguration section */

/* Begin XCConfigurationList section */
		F7FF3B2E1B9C8EE000526C23 /* Build configuration list for PBXProject "Calculater" */ = {
			isa = XCConfigurationList;
			buildConfigurations = (
				F7FF3B501B9C8EE200526C23 /* Debug */,
				F7FF3B511B9C8EE200526C23 /* Release */,
			);
			defaultConfigurationIsVisible = 0;
			defaultConfigurationName = Release;
		};
		F7FF3B521B9C8EE200526C23 /* Build configuration list for PBXNativeTarget "Calculater" */ = {
			isa = XCConfigurationList;
			buildConfigurations = (
				F7FF3B531B9C8EE200526C23 /* Debug */,
				F7FF3B541B9C8EE200526C23 /* Release */,
			);
			defaultConfigurationIsVisible = 0;
			defaultConfigurationName = Release;
		};
		F7FF3B551B9C8EE200526C23 /* Build configuration list for PBXNativeTarget "CalculaterTests" */ = {
			isa = XCConfigurationList;
			buildConfigurations = (
				F7FF3B561B9C8EE200526C23 /* Debug */,
				F7FF3B571B9C8EE200526C23 /* Release */,
			);
			defaultConfigurationIsVisible = 0;
			defaultConfigurationName = Release;
		};
/* End XCConfigurationList section */
	};
	rootObject = F7FF3B2B1B9C8EE000526C23 /* Project object */;
}
