// !$*UTF8*$!
{
	archiveVersion = 1;
	classes = {
	};
	objectVersion = 46;
	objects = {

/* Begin PBXBuildFile section */
		656931341B9F4A930012C651 /* AppDelegate.swift in Sources */ = {isa = PBXBuildFile; fileRef = 656931331B9F4A930012C651 /* AppDelegate.swift */; };
		656931361B9F4A930012C651 /* ViewController.swift in Sources */ = {isa = PBXBuildFile; fileRef = 656931351B9F4A930012C651 /* ViewController.swift */; };
		656931391B9F4A930012C651 /* Main.storyboard in Resources */ = {isa = PBXBuildFile; fileRef = 656931371B9F4A930012C651 /* Main.storyboard */; };
		6569313B1B9F4A930012C651 /* Images.xcassets in Resources */ = {isa = PBXBuildFile; fileRef = 6569313A1B9F4A930012C651 /* Images.xcassets */; };
		6569313E1B9F4A930012C651 /* LaunchScreen.xib in Resources */ = {isa = PBXBuildFile; fileRef = 6569313C1B9F4A930012C651 /* LaunchScreen.xib */; };
		6569314A1B9F4A930012C651 /* funkyCalculatorTests.swift in Sources */ = {isa = PBXBuildFile; fileRef = 656931491B9F4A930012C651 /* funkyCalculatorTests.swift */; };
		65D12CE51BA43C9600EE42F8 /* CalculatorBrain.swift in Sources */ = {isa = PBXBuildFile; fileRef = 65D12CE41BA43C9600EE42F8 /* CalculatorBrain.swift */; };
/* End PBXBuildFile section */

/* Begin PBXContainerItemProxy section */
		656931441B9F4A930012C651 /* PBXContainerItemProxy */ = {
			isa = PBXContainerItemProxy;
			containerPortal = 656931261B9F4A930012C651 /* Project object */;
			proxyType = 1;
			remoteGlobalIDString = 6569312D1B9F4A930012C651;
			remoteInfo = funkyCalculator;
		};
/* End PBXContainerItemProxy section */

/* Begin PBXFileReference section */
		6569312E1B9F4A930012C651 /* funkyCalculator.app */ = {isa = PBXFileReference; explicitFileType = wrapper.application; includeInIndex = 0; path = funkyCalculator.app; sourceTree = BUILT_PRODUCTS_DIR; };
		656931321B9F4A930012C651 /* Info.plist */ = {isa = PBXFileReference; lastKnownFileType = text.plist.xml; path = Info.plist; sourceTree = "<group>"; };
		656931331B9F4A930012C651 /* AppDelegate.swift */ = {isa = PBXFileReference; lastKnownFileType = sourcecode.swift; path = AppDelegate.swift; sourceTree = "<group>"; };
		656931351B9F4A930012C651 /* ViewController.swift */ = {isa = PBXFileReference; lastKnownFileType = sourcecode.swift; path = ViewController.swift; sourceTree = "<group>"; };
		656931381B9F4A930012C651 /* Base */ = {isa = PBXFileReference; lastKnownFileType = file.storyboard; name = Base; path = Base.lproj/Main.storyboard; sourceTree = "<group>"; };
		6569313A1B9F4A930012C651 /* Images.xcassets */ = {isa = PBXFileReference; lastKnownFileType = folder.assetcatalog; path = Images.xcassets; sourceTree = "<group>"; };
		6569313D1B9F4A930012C651 /* Base */ = {isa = PBXFileReference; lastKnownFileType = file.xib; name = Base; path = Base.lproj/LaunchScreen.xib; sourceTree = "<group>"; };
		656931431B9F4A930012C651 /* funkyCalculatorTests.xctest */ = {isa = PBXFileReference; explicitFileType = wrapper.cfbundle; includeInIndex = 0; path = funkyCalculatorTests.xctest; sourceTree = BUILT_PRODUCTS_DIR; };
		656931481B9F4A930012C651 /* Info.plist */ = {isa = PBXFileReference; lastKnownFileType = text.plist.xml; path = Info.plist; sourceTree = "<group>"; };
		656931491B9F4A930012C651 /* funkyCalculatorTests.swift */ = {isa = PBXFileReference; lastKnownFileType = sourcecode.swift; path = funkyCalculatorTests.swift; sourceTree = "<group>"; };
		65D12CE41BA43C9600EE42F8 /* CalculatorBrain.swift */ = {isa = PBXFileReference; fileEncoding = 4; lastKnownFileType = sourcecode.swift; path = CalculatorBrain.swift; sourceTree = "<group>"; };
/* End PBXFileReference section */

/* Begin PBXFrameworksBuildPhase section */
		6569312B1B9F4A930012C651 /* Frameworks */ = {
			isa = PBXFrameworksBuildPhase;
			buildActionMask = 2147483647;
			files = (
			);
			runOnlyForDeploymentPostprocessing = 0;
		};
		656931401B9F4A930012C651 /* Frameworks */ = {
			isa = PBXFrameworksBuildPhase;
			buildActionMask = 2147483647;
			files = (
			);
			runOnlyForDeploymentPostprocessing = 0;
		};
/* End PBXFrameworksBuildPhase section */

/* Begin PBXGroup section */
		656931251B9F4A930012C651 = {
			isa = PBXGroup;
			children = (
				656931301B9F4A930012C651 /* funkyCalculator */,
				656931461B9F4A930012C651 /* funkyCalculatorTests */,
				6569312F1B9F4A930012C651 /* Products */,
			);
			sourceTree = "<group>";
		};
		6569312F1B9F4A930012C651 /* Products */ = {
			isa = PBXGroup;
			children = (
				6569312E1B9F4A930012C651 /* funkyCalculator.app */,
				656931431B9F4A930012C651 /* funkyCalculatorTests.xctest */,
			);
			name = Products;
			sourceTree = "<group>";
		};
		656931301B9F4A930012C651 /* funkyCalculator */ = {
			isa = PBXGroup;
			children = (
				656931371B9F4A930012C651 /* Main.storyboard */,
				65D12CE41BA43C9600EE42F8 /* CalculatorBrain.swift */,
				656931351B9F4A930012C651 /* ViewController.swift */,
				656931311B9F4A930012C651 /* Supporting Files */,
			);
			path = funkyCalculator;
			sourceTree = "<group>";
		};
		656931311B9F4A930012C651 /* Supporting Files */ = {
			isa = PBXGroup;
			children = (
				656931331B9F4A930012C651 /* AppDelegate.swift */,
				6569313A1B9F4A930012C651 /* Images.xcassets */,
				6569313C1B9F4A930012C651 /* LaunchScreen.xib */,
				656931321B9F4A930012C651 /* Info.plist */,
			);
			name = "Supporting Files";
			sourceTree = "<group>";
		};
		656931461B9F4A930012C651 /* funkyCalculatorTests */ = {
			isa = PBXGroup;
			children = (
				656931491B9F4A930012C651 /* funkyCalculatorTests.swift */,
				656931471B9F4A930012C651 /* Supporting Files */,
			);
			path = funkyCalculatorTests;
			sourceTree = "<group>";
		};
		656931471B9F4A930012C651 /* Supporting Files */ = {
			isa = PBXGroup;
			children = (
				656931481B9F4A930012C651 /* Info.plist */,
			);
			name = "Supporting Files";
			sourceTree = "<group>";
		};
/* End PBXGroup section */

/* Begin PBXNativeTarget section */
		6569312D1B9F4A930012C651 /* funkyCalculator */ = {
			isa = PBXNativeTarget;
			buildConfigurationList = 6569314D1B9F4A930012C651 /* Build configuration list for PBXNativeTarget "funkyCalculator" */;
			buildPhases = (
				6569312A1B9F4A930012C651 /* Sources */,
				6569312B1B9F4A930012C651 /* Frameworks */,
				6569312C1B9F4A930012C651 /* Resources */,
			);
			buildRules = (
			);
			dependencies = (
			);
			name = funkyCalculator;
			productName = funkyCalculator;
			productReference = 6569312E1B9F4A930012C651 /* funkyCalculator.app */;
			productType = "com.apple.product-type.application";
		};
		656931421B9F4A930012C651 /* funkyCalculatorTests */ = {
			isa = PBXNativeTarget;
			buildConfigurationList = 656931501B9F4A930012C651 /* Build configuration list for PBXNativeTarget "funkyCalculatorTests" */;
			buildPhases = (
				6569313F1B9F4A930012C651 /* Sources */,
				656931401B9F4A930012C651 /* Frameworks */,
				656931411B9F4A930012C651 /* Resources */,
			);
			buildRules = (
			);
			dependencies = (
				656931451B9F4A930012C651 /* PBXTargetDependency */,
			);
			name = funkyCalculatorTests;
			productName = funkyCalculatorTests;
			productReference = 656931431B9F4A930012C651 /* funkyCalculatorTests.xctest */;
			productType = "com.apple.product-type.bundle.unit-test";
		};
/* End PBXNativeTarget section */

/* Begin PBXProject section */
		656931261B9F4A930012C651 /* Project object */ = {
			isa = PBXProject;
			attributes = {
				LastUpgradeCheck = 0640;
				ORGANIZATIONNAME = aevitas;
				TargetAttributes = {
					6569312D1B9F4A930012C651 = {
						CreatedOnToolsVersion = 6.4;
					};
					656931421B9F4A930012C651 = {
						CreatedOnToolsVersion = 6.4;
						TestTargetID = 6569312D1B9F4A930012C651;
					};
				};
			};
			buildConfigurationList = 656931291B9F4A930012C651 /* Build configuration list for PBXProject "funkyCalculator" */;
			compatibilityVersion = "Xcode 3.2";
			developmentRegion = English;
			hasScannedForEncodings = 0;
			knownRegions = (
				en,
				Base,
			);
			mainGroup = 656931251B9F4A930012C651;
			productRefGroup = 6569312F1B9F4A930012C651 /* Products */;
			projectDirPath = "";
			projectRoot = "";
			targets = (
				6569312D1B9F4A930012C651 /* funkyCalculator */,
				656931421B9F4A930012C651 /* funkyCalculatorTests */,
			);
		};
/* End PBXProject section */

/* Begin PBXResourcesBuildPhase section */
		6569312C1B9F4A930012C651 /* Resources */ = {
			isa = PBXResourcesBuildPhase;
			buildActionMask = 2147483647;
			files = (
				656931391B9F4A930012C651 /* Main.storyboard in Resources */,
				6569313E1B9F4A930012C651 /* LaunchScreen.xib in Resources */,
				6569313B1B9F4A930012C651 /* Images.xcassets in Resources */,
			);
			runOnlyForDeploymentPostprocessing = 0;
		};
		656931411B9F4A930012C651 /* Resources */ = {
			isa = PBXResourcesBuildPhase;
			buildActionMask = 2147483647;
			files = (
			);
			runOnlyForDeploymentPostprocessing = 0;
		};
/* End PBXResourcesBuildPhase section */

/* Begin PBXSourcesBuildPhase section */
		6569312A1B9F4A930012C651 /* Sources */ = {
			isa = PBXSourcesBuildPhase;
			buildActionMask = 2147483647;
			files = (
				65D12CE51BA43C9600EE42F8 /* CalculatorBrain.swift in Sources */,
				656931361B9F4A930012C651 /* ViewController.swift in Sources */,
				656931341B9F4A930012C651 /* AppDelegate.swift in Sources */,
			);
			runOnlyForDeploymentPostprocessing = 0;
		};
		6569313F1B9F4A930012C651 /* Sources */ = {
			isa = PBXSourcesBuildPhase;
			buildActionMask = 2147483647;
			files = (
				6569314A1B9F4A930012C651 /* funkyCalculatorTests.swift in Sources */,
			);
			runOnlyForDeploymentPostprocessing = 0;
		};
/* End PBXSourcesBuildPhase section */

/* Begin PBXTargetDependency section */
		656931451B9F4A930012C651 /* PBXTargetDependency */ = {
			isa = PBXTargetDependency;
			target = 6569312D1B9F4A930012C651 /* funkyCalculator */;
			targetProxy = 656931441B9F4A930012C651 /* PBXContainerItemProxy */;
		};
/* End PBXTargetDependency section */

/* Begin PBXVariantGroup section */
		656931371B9F4A930012C651 /* Main.storyboard */ = {
			isa = PBXVariantGroup;
			children = (
				656931381B9F4A930012C651 /* Base */,
			);
			name = Main.storyboard;
			sourceTree = "<group>";
		};
		6569313C1B9F4A930012C651 /* LaunchScreen.xib */ = {
			isa = PBXVariantGroup;
			children = (
				6569313D1B9F4A930012C651 /* Base */,
			);
			name = LaunchScreen.xib;
			sourceTree = "<group>";
		};
/* End PBXVariantGroup section */

/* Begin XCBuildConfiguration section */
		6569314B1B9F4A930012C651 /* Debug */ = {
			isa = XCBuildConfiguration;
			buildSettings = {
				ALWAYS_SEARCH_USER_PATHS = NO;
				CLANG_CXX_LANGUAGE_STANDARD = "gnu++0x";
				CLANG_CXX_LIBRARY = "libc++";
				CLANG_ENABLE_MODULES = YES;
				CLANG_ENABLE_OBJC_ARC = YES;
				CLANG_WARN_BOOL_CONVERSION = YES;
				CLANG_WARN_CONSTANT_CONVERSION = YES;
				CLANG_WARN_DIRECT_OBJC_ISA_USAGE = YES_ERROR;
				CLANG_WARN_EMPTY_BODY = YES;
				CLANG_WARN_ENUM_CONVERSION = YES;
				CLANG_WARN_INT_CONVERSION = YES;
				CLANG_WARN_OBJC_ROOT_CLASS = YES_ERROR;
				CLANG_WARN_UNREACHABLE_CODE = YES;
				CLANG_WARN__DUPLICATE_METHOD_MATCH = YES;
				"CODE_SIGN_IDENTITY[sdk=iphoneos*]" = "iPhone Developer";
				COPY_PHASE_STRIP = NO;
				DEBUG_INFORMATION_FORMAT = "dwarf-with-dsym";
				ENABLE_STRICT_OBJC_MSGSEND = YES;
				GCC_C_LANGUAGE_STANDARD = gnu99;
				GCC_DYNAMIC_NO_PIC = NO;
				GCC_NO_COMMON_BLOCKS = YES;
				GCC_OPTIMIZATION_LEVEL = 0;
				GCC_PREPROCESSOR_DEFINITIONS = (
					"DEBUG=1",
					"$(inherited)",
				);
				GCC_SYMBOLS_PRIVATE_EXTERN = NO;
				GCC_WARN_64_TO_32_BIT_CONVERSION = YES;
				GCC_WARN_ABOUT_RETURN_TYPE = YES_ERROR;
				GCC_WARN_UNDECLARED_SELECTOR = YES;
				GCC_WARN_UNINITIALIZED_AUTOS = YES_AGGRESSIVE;
				GCC_WARN_UNUSED_FUNCTION = YES;
				GCC_WARN_UNUSED_VARIABLE = YES;
				IPHONEOS_DEPLOYMENT_TARGET = 8.4;
				MTL_ENABLE_DEBUG_INFO = YES;
				ONLY_ACTIVE_ARCH = YES;
				SDKROOT = iphoneos;
				SWIFT_OPTIMIZATION_LEVEL = "-Onone";
				TARGETED_DEVICE_FAMILY = "1,2";
			};
			name = Debug;
		};
		6569314C1B9F4A930012C651 /* Release */ = {
			isa = XCBuildConfiguration;
			buildSettings = {
				ALWAYS_SEARCH_USER_PATHS = NO;
				CLANG_CXX_LANGUAGE_STANDARD = "gnu++0x";
				CLANG_CXX_LIBRARY = "libc++";
				CLANG_ENABLE_MODULES = YES;
				CLANG_ENABLE_OBJC_ARC = YES;
				CLANG_WARN_BOOL_CONVERSION = YES;
				CLANG_WARN_CONSTANT_CONVERSION = YES;
				CLANG_WARN_DIRECT_OBJC_ISA_USAGE = YES_ERROR;
				CLANG_WARN_EMPTY_BODY = YES;
				CLANG_WARN_ENUM_CONVERSION = YES;
				CLANG_WARN_INT_CONVERSION = YES;
				CLANG_WARN_OBJC_ROOT_CLASS = YES_ERROR;
				CLANG_WARN_UNREACHABLE_CODE = YES;
				CLANG_WARN__DUPLICATE_METHOD_MATCH = YES;
				"CODE_SIGN_IDENTITY[sdk=iphoneos*]" = "iPhone Developer";
				COPY_PHASE_STRIP = NO;
				DEBUG_INFORMATION_FORMAT = "dwarf-with-dsym";
				ENABLE_NS_ASSERTIONS = NO;
				ENABLE_STRICT_OBJC_MSGSEND = YES;
				GCC_C_LANGUAGE_STANDARD = gnu99;
				GCC_NO_COMMON_BLOCKS = YES;
				GCC_WARN_64_TO_32_BIT_CONVERSION = YES;
				GCC_WARN_ABOUT_RETURN_TYPE = YES_ERROR;
				GCC_WARN_UNDECLARED_SELECTOR = YES;
				GCC_WARN_UNINITIALIZED_AUTOS = YES_AGGRESSIVE;
				GCC_WARN_UNUSED_FUNCTION = YES;
				GCC_WARN_UNUSED_VARIABLE = YES;
				IPHONEOS_DEPLOYMENT_TARGET = 8.4;
				MTL_ENABLE_DEBUG_INFO = NO;
				SDKROOT = iphoneos;
				TARGETED_DEVICE_FAMILY = "1,2";
				VALIDATE_PRODUCT = YES;
			};
			name = Release;
		};
		6569314E1B9F4A930012C651 /* Debug */ = {
			isa = XCBuildConfiguration;
			buildSettings = {
				ASSETCATALOG_COMPILER_APPICON_NAME = AppIcon;
				INFOPLIST_FILE = funkyCalculator/Info.plist;
				LD_RUNPATH_SEARCH_PATHS = "$(inherited) @executable_path/Frameworks";
				PRODUCT_NAME = "$(TARGET_NAME)";
			};
			name = Debug;
		};
		6569314F1B9F4A930012C651 /* Release */ = {
			isa = XCBuildConfiguration;
			buildSettings = {
				ASSETCATALOG_COMPILER_APPICON_NAME = AppIcon;
				INFOPLIST_FILE = funkyCalculator/Info.plist;
				LD_RUNPATH_SEARCH_PATHS = "$(inherited) @executable_path/Frameworks";
				PRODUCT_NAME = "$(TARGET_NAME)";
			};
			name = Release;
		};
		656931511B9F4A930012C651 /* Debug */ = {
			isa = XCBuildConfiguration;
			buildSettings = {
				BUNDLE_LOADER = "$(TEST_HOST)";
				FRAMEWORK_SEARCH_PATHS = (
					"$(SDKROOT)/Developer/Library/Frameworks",
					"$(inherited)",
				);
				GCC_PREPROCESSOR_DEFINITIONS = (
					"DEBUG=1",
					"$(inherited)",
				);
				INFOPLIST_FILE = funkyCalculatorTests/Info.plist;
				LD_RUNPATH_SEARCH_PATHS = "$(inherited) @executable_path/Frameworks @loader_path/Frameworks";
				PRODUCT_NAME = "$(TARGET_NAME)";
				TEST_HOST = "$(BUILT_PRODUCTS_DIR)/funkyCalculator.app/funkyCalculator";
			};
			name = Debug;
		};
		656931521B9F4A930012C651 /* Release */ = {
			isa = XCBuildConfiguration;
			buildSettings = {
				BUNDLE_LOADER = "$(TEST_HOST)";
				FRAMEWORK_SEARCH_PATHS = (
					"$(SDKROOT)/Developer/Library/Frameworks",
					"$(inherited)",
				);
				INFOPLIST_FILE = funkyCalculatorTests/Info.plist;
				LD_RUNPATH_SEARCH_PATHS = "$(inherited) @executable_path/Frameworks @loader_path/Frameworks";
				PRODUCT_NAME = "$(TARGET_NAME)";
				TEST_HOST = "$(BUILT_PRODUCTS_DIR)/funkyCalculator.app/funkyCalculator";
			};
			name = Release;
		};
/* End XCBuildConfiguration section */

/* Begin XCConfigurationList section */
		656931291B9F4A930012C651 /* Build configuration list for PBXProject "funkyCalculator" */ = {
			isa = XCConfigurationList;
			buildConfigurations = (
				6569314B1B9F4A930012C651 /* Debug */,
				6569314C1B9F4A930012C651 /* Release */,
			);
			defaultConfigurationIsVisible = 0;
			defaultConfigurationName = Release;
		};
		6569314D1B9F4A930012C651 /* Build configuration list for PBXNativeTarget "funkyCalculator" */ = {
			isa = XCConfigurationList;
			buildConfigurations = (
				6569314E1B9F4A930012C651 /* Debug */,
				6569314F1B9F4A930012C651 /* Release */,
			);
			defaultConfigurationIsVisible = 0;
			defaultConfigurationName = Release;
		};
		656931501B9F4A930012C651 /* Build configuration list for PBXNativeTarget "funkyCalculatorTests" */ = {
			isa = XCConfigurationList;
			buildConfigurations = (
				656931511B9F4A930012C651 /* Debug */,
				656931521B9F4A930012C651 /* Release */,
			);
			defaultConfigurationIsVisible = 0;
			defaultConfigurationName = Release;
		};
/* End XCConfigurationList section */
	};
	rootObject = 656931261B9F4A930012C651 /* Project object */;
}
