// !$*UTF8*$!
{
	archiveVersion = 1;
	classes = {
	};
	objectVersion = 46;
	objects = {

/* Begin PBXBuildFile section */
		656931621B9F4AB00012C651 /* AppDelegate.swift in Sources */ = {isa = PBXBuildFile; fileRef = 656931611B9F4AB00012C651 /* AppDelegate.swift */; };
		656931641B9F4AB00012C651 /* ViewController.swift in Sources */ = {isa = PBXBuildFile; fileRef = 656931631B9F4AB00012C651 /* ViewController.swift */; };
		656931671B9F4AB00012C651 /* Main.storyboard in Resources */ = {isa = PBXBuildFile; fileRef = 656931651B9F4AB00012C651 /* Main.storyboard */; };
		656931691B9F4AB00012C651 /* Images.xcassets in Resources */ = {isa = PBXBuildFile; fileRef = 656931681B9F4AB00012C651 /* Images.xcassets */; };
		6569316C1B9F4AB10012C651 /* LaunchScreen.xib in Resources */ = {isa = PBXBuildFile; fileRef = 6569316A1B9F4AB10012C651 /* LaunchScreen.xib */; };
		656931781B9F4AB10012C651 /* nonFunkyCalculatorTests.swift in Sources */ = {isa = PBXBuildFile; fileRef = 656931771B9F4AB10012C651 /* nonFunkyCalculatorTests.swift */; };
/* End PBXBuildFile section */

/* Begin PBXContainerItemProxy section */
		656931721B9F4AB10012C651 /* PBXContainerItemProxy */ = {
			isa = PBXContainerItemProxy;
			containerPortal = 656931541B9F4AB00012C651 /* Project object */;
			proxyType = 1;
			remoteGlobalIDString = 6569315B1B9F4AB00012C651;
			remoteInfo = nonFunkyCalculator;
		};
/* End PBXContainerItemProxy section */

/* Begin PBXFileReference section */
		6569315C1B9F4AB00012C651 /* nonFunkyCalculator.app */ = {isa = PBXFileReference; explicitFileType = wrapper.application; includeInIndex = 0; path = nonFunkyCalculator.app; sourceTree = BUILT_PRODUCTS_DIR; };
		656931601B9F4AB00012C651 /* Info.plist */ = {isa = PBXFileReference; lastKnownFileType = text.plist.xml; path = Info.plist; sourceTree = "<group>"; };
		656931611B9F4AB00012C651 /* AppDelegate.swift */ = {isa = PBXFileReference; lastKnownFileType = sourcecode.swift; path = AppDelegate.swift; sourceTree = "<group>"; };
		656931631B9F4AB00012C651 /* ViewController.swift */ = {isa = PBXFileReference; lastKnownFileType = sourcecode.swift; path = ViewController.swift; sourceTree = "<group>"; };
		656931661B9F4AB00012C651 /* Base */ = {isa = PBXFileReference; lastKnownFileType = file.storyboard; name = Base; path = Base.lproj/Main.storyboard; sourceTree = "<group>"; };
		656931681B9F4AB00012C651 /* Images.xcassets */ = {isa = PBXFileReference; lastKnownFileType = folder.assetcatalog; path = Images.xcassets; sourceTree = "<group>"; };
		6569316B1B9F4AB10012C651 /* Base */ = {isa = PBXFileReference; lastKnownFileType = file.xib; name = Base; path = Base.lproj/LaunchScreen.xib; sourceTree = "<group>"; };
		656931711B9F4AB10012C651 /* nonFunkyCalculatorTests.xctest */ = {isa = PBXFileReference; explicitFileType = wrapper.cfbundle; includeInIndex = 0; path = nonFunkyCalculatorTests.xctest; sourceTree = BUILT_PRODUCTS_DIR; };
		656931761B9F4AB10012C651 /* Info.plist */ = {isa = PBXFileReference; lastKnownFileType = text.plist.xml; path = Info.plist; sourceTree = "<group>"; };
		656931771B9F4AB10012C651 /* nonFunkyCalculatorTests.swift */ = {isa = PBXFileReference; lastKnownFileType = sourcecode.swift; path = nonFunkyCalculatorTests.swift; sourceTree = "<group>"; };
/* End PBXFileReference section */

/* Begin PBXFrameworksBuildPhase section */
		656931591B9F4AB00012C651 /* Frameworks */ = {
			isa = PBXFrameworksBuildPhase;
			buildActionMask = 2147483647;
			files = (
			);
			runOnlyForDeploymentPostprocessing = 0;
		};
		6569316E1B9F4AB10012C651 /* Frameworks */ = {
			isa = PBXFrameworksBuildPhase;
			buildActionMask = 2147483647;
			files = (
			);
			runOnlyForDeploymentPostprocessing = 0;
		};
/* End PBXFrameworksBuildPhase section */

/* Begin PBXGroup section */
		656931531B9F4AB00012C651 = {
			isa = PBXGroup;
			children = (
				6569315E1B9F4AB00012C651 /* nonFunkyCalculator */,
				656931741B9F4AB10012C651 /* nonFunkyCalculatorTests */,
				6569315D1B9F4AB00012C651 /* Products */,
			);
			sourceTree = "<group>";
		};
		6569315D1B9F4AB00012C651 /* Products */ = {
			isa = PBXGroup;
			children = (
				6569315C1B9F4AB00012C651 /* nonFunkyCalculator.app */,
				656931711B9F4AB10012C651 /* nonFunkyCalculatorTests.xctest */,
			);
			name = Products;
			sourceTree = "<group>";
		};
		6569315E1B9F4AB00012C651 /* nonFunkyCalculator */ = {
			isa = PBXGroup;
			children = (
				656931631B9F4AB00012C651 /* ViewController.swift */,
				656931651B9F4AB00012C651 /* Main.storyboard */,
				6569315F1B9F4AB00012C651 /* Supporting Files */,
			);
			path = nonFunkyCalculator;
			sourceTree = "<group>";
		};
		6569315F1B9F4AB00012C651 /* Supporting Files */ = {
			isa = PBXGroup;
			children = (
				6569316A1B9F4AB10012C651 /* LaunchScreen.xib */,
				656931681B9F4AB00012C651 /* Images.xcassets */,
				656931611B9F4AB00012C651 /* AppDelegate.swift */,
				656931601B9F4AB00012C651 /* Info.plist */,
			);
			name = "Supporting Files";
			sourceTree = "<group>";
		};
		656931741B9F4AB10012C651 /* nonFunkyCalculatorTests */ = {
			isa = PBXGroup;
			children = (
				656931771B9F4AB10012C651 /* nonFunkyCalculatorTests.swift */,
				656931751B9F4AB10012C651 /* Supporting Files */,
			);
			path = nonFunkyCalculatorTests;
			sourceTree = "<group>";
		};
		656931751B9F4AB10012C651 /* Supporting Files */ = {
			isa = PBXGroup;
			children = (
				656931761B9F4AB10012C651 /* Info.plist */,
			);
			name = "Supporting Files";
			sourceTree = "<group>";
		};
/* End PBXGroup section */

/* Begin PBXNativeTarget section */
		6569315B1B9F4AB00012C651 /* nonFunkyCalculator */ = {
			isa = PBXNativeTarget;
			buildConfigurationList = 6569317B1B9F4AB10012C651 /* Build configuration list for PBXNativeTarget "nonFunkyCalculator" */;
			buildPhases = (
				656931581B9F4AB00012C651 /* Sources */,
				656931591B9F4AB00012C651 /* Frameworks */,
				6569315A1B9F4AB00012C651 /* Resources */,
			);
			buildRules = (
			);
			dependencies = (
			);
			name = nonFunkyCalculator;
			productName = nonFunkyCalculator;
			productReference = 6569315C1B9F4AB00012C651 /* nonFunkyCalculator.app */;
			productType = "com.apple.product-type.application";
		};
		656931701B9F4AB10012C651 /* nonFunkyCalculatorTests */ = {
			isa = PBXNativeTarget;
			buildConfigurationList = 6569317E1B9F4AB10012C651 /* Build configuration list for PBXNativeTarget "nonFunkyCalculatorTests" */;
			buildPhases = (
				6569316D1B9F4AB10012C651 /* Sources */,
				6569316E1B9F4AB10012C651 /* Frameworks */,
				6569316F1B9F4AB10012C651 /* Resources */,
			);
			buildRules = (
			);
			dependencies = (
				656931731B9F4AB10012C651 /* PBXTargetDependency */,
			);
			name = nonFunkyCalculatorTests;
			productName = nonFunkyCalculatorTests;
			productReference = 656931711B9F4AB10012C651 /* nonFunkyCalculatorTests.xctest */;
			productType = "com.apple.product-type.bundle.unit-test";
		};
/* End PBXNativeTarget section */

/* Begin PBXProject section */
		656931541B9F4AB00012C651 /* Project object */ = {
			isa = PBXProject;
			attributes = {
				LastSwiftUpdateCheck = 0700;
				LastUpgradeCheck = 0640;
				ORGANIZATIONNAME = aevitas;
				TargetAttributes = {
					6569315B1B9F4AB00012C651 = {
						CreatedOnToolsVersion = 6.4;
					};
					656931701B9F4AB10012C651 = {
						CreatedOnToolsVersion = 6.4;
						TestTargetID = 6569315B1B9F4AB00012C651;
					};
				};
			};
			buildConfigurationList = 656931571B9F4AB00012C651 /* Build configuration list for PBXProject "nonFunkyCalculator" */;
			compatibilityVersion = "Xcode 3.2";
			developmentRegion = English;
			hasScannedForEncodings = 0;
			knownRegions = (
				en,
				Base,
			);
			mainGroup = 656931531B9F4AB00012C651;
			productRefGroup = 6569315D1B9F4AB00012C651 /* Products */;
			projectDirPath = "";
			projectRoot = "";
			targets = (
				6569315B1B9F4AB00012C651 /* nonFunkyCalculator */,
				656931701B9F4AB10012C651 /* nonFunkyCalculatorTests */,
			);
		};
/* End PBXProject section */

/* Begin PBXResourcesBuildPhase section */
		6569315A1B9F4AB00012C651 /* Resources */ = {
			isa = PBXResourcesBuildPhase;
			buildActionMask = 2147483647;
			files = (
				656931671B9F4AB00012C651 /* Main.storyboard in Resources */,
				6569316C1B9F4AB10012C651 /* LaunchScreen.xib in Resources */,
				656931691B9F4AB00012C651 /* Images.xcassets in Resources */,
			);
			runOnlyForDeploymentPostprocessing = 0;
		};
		6569316F1B9F4AB10012C651 /* Resources */ = {
			isa = PBXResourcesBuildPhase;
			buildActionMask = 2147483647;
			files = (
			);
			runOnlyForDeploymentPostprocessing = 0;
		};
/* End PBXResourcesBuildPhase section */

/* Begin PBXSourcesBuildPhase section */
		656931581B9F4AB00012C651 /* Sources */ = {
			isa = PBXSourcesBuildPhase;
			buildActionMask = 2147483647;
			files = (
				656931641B9F4AB00012C651 /* ViewController.swift in Sources */,
				656931621B9F4AB00012C651 /* AppDelegate.swift in Sources */,
			);
			runOnlyForDeploymentPostprocessing = 0;
		};
		6569316D1B9F4AB10012C651 /* Sources */ = {
			isa = PBXSourcesBuildPhase;
			buildActionMask = 2147483647;
			files = (
				656931781B9F4AB10012C651 /* nonFunkyCalculatorTests.swift in Sources */,
			);
			runOnlyForDeploymentPostprocessing = 0;
		};
/* End PBXSourcesBuildPhase section */

/* Begin PBXTargetDependency section */
		656931731B9F4AB10012C651 /* PBXTargetDependency */ = {
			isa = PBXTargetDependency;
			target = 6569315B1B9F4AB00012C651 /* nonFunkyCalculator */;
			targetProxy = 656931721B9F4AB10012C651 /* PBXContainerItemProxy */;
		};
/* End PBXTargetDependency section */

/* Begin PBXVariantGroup section */
		656931651B9F4AB00012C651 /* Main.storyboard */ = {
			isa = PBXVariantGroup;
			children = (
				656931661B9F4AB00012C651 /* Base */,
			);
			name = Main.storyboard;
			sourceTree = "<group>";
		};
		6569316A1B9F4AB10012C651 /* LaunchScreen.xib */ = {
			isa = PBXVariantGroup;
			children = (
				6569316B1B9F4AB10012C651 /* Base */,
			);
			name = LaunchScreen.xib;
			sourceTree = "<group>";
		};
/* End PBXVariantGroup section */

/* Begin XCBuildConfiguration section */
		656931791B9F4AB10012C651 /* Debug */ = {
			isa = XCBuildConfiguration;
			buildSettings = {
				ALWAYS_SEARCH_USER_PATHS = NO;
				CLANG_CXX_LANGUAGE_STANDARD = "gnu++0x";
				CLANG_CXX_LIBRARY = "libc++";
				CLANG_ENABLE_MODULES = YES;
				CLANG_ENABLE_OBJC_ARC = YES;
				CLANG_WARN_BOOL_CONVERSION = YES;
				CLANG_WARN_CONSTANT_CONVERSION = YES;
				CLANG_WARN_DIRECT_OBJC_ISA_USAGE = YES_ERROR;
				CLANG_WARN_EMPTY_BODY = YES;
				CLANG_WARN_ENUM_CONVERSION = YES;
				CLANG_WARN_INT_CONVERSION = YES;
				CLANG_WARN_OBJC_ROOT_CLASS = YES_ERROR;
				CLANG_WARN_UNREACHABLE_CODE = YES;
				CLANG_WARN__DUPLICATE_METHOD_MATCH = YES;
				"CODE_SIGN_IDENTITY[sdk=iphoneos*]" = "iPhone Developer";
				COPY_PHASE_STRIP = NO;
				DEBUG_INFORMATION_FORMAT = "dwarf-with-dsym";
				ENABLE_STRICT_OBJC_MSGSEND = YES;
				GCC_C_LANGUAGE_STANDARD = gnu99;
				GCC_DYNAMIC_NO_PIC = NO;
				GCC_NO_COMMON_BLOCKS = YES;
				GCC_OPTIMIZATION_LEVEL = 0;
				GCC_PREPROCESSOR_DEFINITIONS = (
					"DEBUG=1",
					"$(inherited)",
				);
				GCC_SYMBOLS_PRIVATE_EXTERN = NO;
				GCC_WARN_64_TO_32_BIT_CONVERSION = YES;
				GCC_WARN_ABOUT_RETURN_TYPE = YES_ERROR;
				GCC_WARN_UNDECLARED_SELECTOR = YES;
				GCC_WARN_UNINITIALIZED_AUTOS = YES_AGGRESSIVE;
				GCC_WARN_UNUSED_FUNCTION = YES;
				GCC_WARN_UNUSED_VARIABLE = YES;
				IPHONEOS_DEPLOYMENT_TARGET = 8.4;
				MTL_ENABLE_DEBUG_INFO = YES;
				ONLY_ACTIVE_ARCH = YES;
				SDKROOT = iphoneos;
				SWIFT_OPTIMIZATION_LEVEL = "-Onone";
				TARGETED_DEVICE_FAMILY = "1,2";
			};
			name = Debug;
		};
		6569317A1B9F4AB10012C651 /* Release */ = {
			isa = XCBuildConfiguration;
			buildSettings = {
				ALWAYS_SEARCH_USER_PATHS = NO;
				CLANG_CXX_LANGUAGE_STANDARD = "gnu++0x";
				CLANG_CXX_LIBRARY = "libc++";
				CLANG_ENABLE_MODULES = YES;
				CLANG_ENABLE_OBJC_ARC = YES;
				CLANG_WARN_BOOL_CONVERSION = YES;
				CLANG_WARN_CONSTANT_CONVERSION = YES;
				CLANG_WARN_DIRECT_OBJC_ISA_USAGE = YES_ERROR;
				CLANG_WARN_EMPTY_BODY = YES;
				CLANG_WARN_ENUM_CONVERSION = YES;
				CLANG_WARN_INT_CONVERSION = YES;
				CLANG_WARN_OBJC_ROOT_CLASS = YES_ERROR;
				CLANG_WARN_UNREACHABLE_CODE = YES;
				CLANG_WARN__DUPLICATE_METHOD_MATCH = YES;
				"CODE_SIGN_IDENTITY[sdk=iphoneos*]" = "iPhone Developer";
				COPY_PHASE_STRIP = NO;
				DEBUG_INFORMATION_FORMAT = "dwarf-with-dsym";
				ENABLE_NS_ASSERTIONS = NO;
				ENABLE_STRICT_OBJC_MSGSEND = YES;
				GCC_C_LANGUAGE_STANDARD = gnu99;
				GCC_NO_COMMON_BLOCKS = YES;
				GCC_WARN_64_TO_32_BIT_CONVERSION = YES;
				GCC_WARN_ABOUT_RETURN_TYPE = YES_ERROR;
				GCC_WARN_UNDECLARED_SELECTOR = YES;
				GCC_WARN_UNINITIALIZED_AUTOS = YES_AGGRESSIVE;
				GCC_WARN_UNUSED_FUNCTION = YES;
				GCC_WARN_UNUSED_VARIABLE = YES;
				IPHONEOS_DEPLOYMENT_TARGET = 8.4;
				MTL_ENABLE_DEBUG_INFO = NO;
				SDKROOT = iphoneos;
				TARGETED_DEVICE_FAMILY = "1,2";
				VALIDATE_PRODUCT = YES;
			};
			name = Release;
		};
		6569317C1B9F4AB10012C651 /* Debug */ = {
			isa = XCBuildConfiguration;
			buildSettings = {
				ASSETCATALOG_COMPILER_APPICON_NAME = AppIcon;
				INFOPLIST_FILE = nonFunkyCalculator/Info.plist;
				LD_RUNPATH_SEARCH_PATHS = "$(inherited) @executable_path/Frameworks";
				PRODUCT_NAME = "$(TARGET_NAME)";
			};
			name = Debug;
		};
		6569317D1B9F4AB10012C651 /* Release */ = {
			isa = XCBuildConfiguration;
			buildSettings = {
				ASSETCATALOG_COMPILER_APPICON_NAME = AppIcon;
				INFOPLIST_FILE = nonFunkyCalculator/Info.plist;
				LD_RUNPATH_SEARCH_PATHS = "$(inherited) @executable_path/Frameworks";
				PRODUCT_NAME = "$(TARGET_NAME)";
			};
			name = Release;
		};
		6569317F1B9F4AB10012C651 /* Debug */ = {
			isa = XCBuildConfiguration;
			buildSettings = {
				BUNDLE_LOADER = "$(TEST_HOST)";
				FRAMEWORK_SEARCH_PATHS = (
					"$(SDKROOT)/Developer/Library/Frameworks",
					"$(inherited)",
				);
				GCC_PREPROCESSOR_DEFINITIONS = (
					"DEBUG=1",
					"$(inherited)",
				);
				INFOPLIST_FILE = nonFunkyCalculatorTests/Info.plist;
				LD_RUNPATH_SEARCH_PATHS = "$(inherited) @executable_path/Frameworks @loader_path/Frameworks";
				PRODUCT_NAME = "$(TARGET_NAME)";
				TEST_HOST = "$(BUILT_PRODUCTS_DIR)/nonFunkyCalculator.app/nonFunkyCalculator";
			};
			name = Debug;
		};
		656931801B9F4AB10012C651 /* Release */ = {
			isa = XCBuildConfiguration;
			buildSettings = {
				BUNDLE_LOADER = "$(TEST_HOST)";
				FRAMEWORK_SEARCH_PATHS = (
					"$(SDKROOT)/Developer/Library/Frameworks",
					"$(inherited)",
				);
				INFOPLIST_FILE = nonFunkyCalculatorTests/Info.plist;
				LD_RUNPATH_SEARCH_PATHS = "$(inherited) @executable_path/Frameworks @loader_path/Frameworks";
				PRODUCT_NAME = "$(TARGET_NAME)";
				TEST_HOST = "$(BUILT_PRODUCTS_DIR)/nonFunkyCalculator.app/nonFunkyCalculator";
			};
			name = Release;
		};
/* End XCBuildConfiguration section */

/* Begin XCConfigurationList section */
		656931571B9F4AB00012C651 /* Build configuration list for PBXProject "nonFunkyCalculator" */ = {
			isa = XCConfigurationList;
			buildConfigurations = (
				656931791B9F4AB10012C651 /* Debug */,
				6569317A1B9F4AB10012C651 /* Release */,
			);
			defaultConfigurationIsVisible = 0;
			defaultConfigurationName = Release;
		};
		6569317B1B9F4AB10012C651 /* Build configuration list for PBXNativeTarget "nonFunkyCalculator" */ = {
			isa = XCConfigurationList;
			buildConfigurations = (
				6569317C1B9F4AB10012C651 /* Debug */,
				6569317D1B9F4AB10012C651 /* Release */,
			);
			defaultConfigurationIsVisible = 0;
			defaultConfigurationName = Release;
		};
		6569317E1B9F4AB10012C651 /* Build configuration list for PBXNativeTarget "nonFunkyCalculatorTests" */ = {
			isa = XCConfigurationList;
			buildConfigurations = (
				6569317F1B9F4AB10012C651 /* Debug */,
				656931801B9F4AB10012C651 /* Release */,
			);
			defaultConfigurationIsVisible = 0;
			defaultConfigurationName = Release;
		};
/* End XCConfigurationList section */
	};
	rootObject = 656931541B9F4AB00012C651 /* Project object */;
}
