// !$*UTF8*$!
{
	archiveVersion = 1;
	classes = {
	};
	objectVersion = 46;
	objects = {

/* Begin PBXBuildFile section */
		45EA95051BB9EDC5003D101C /* AppDelegate.swift in Sources */ = {isa = PBXBuildFile; fileRef = 45EA95041BB9EDC5003D101C /* AppDelegate.swift */; };
		45EA950A1BB9EDC6003D101C /* Main.storyboard in Resources */ = {isa = PBXBuildFile; fileRef = 45EA95081BB9EDC6003D101C /* Main.storyboard */; };
		45EA950C1BB9EDC6003D101C /* Assets.xcassets in Resources */ = {isa = PBXBuildFile; fileRef = 45EA950B1BB9EDC6003D101C /* Assets.xcassets */; };
		45EA950F1BB9EDC6003D101C /* LaunchScreen.storyboard in Resources */ = {isa = PBXBuildFile; fileRef = 45EA950D1BB9EDC6003D101C /* LaunchScreen.storyboard */; };
		45EA95181BB9EE8F003D101C /* HappinessViewController.swift in Sources */ = {isa = PBXBuildFile; fileRef = 45EA95171BB9EE8F003D101C /* HappinessViewController.swift */; settings = {ASSET_TAGS = (); }; };
		45EA951A1BB9F0C8003D101C /* FaceView.swift in Sources */ = {isa = PBXBuildFile; fileRef = 45EA95191BB9F0C8003D101C /* FaceView.swift */; settings = {ASSET_TAGS = (); }; };
/* End PBXBuildFile section */

/* Begin PBXFileReference section */
		45EA95011BB9EDC5003D101C /* Happiness.app */ = {isa = PBXFileReference; explicitFileType = wrapper.application; includeInIndex = 0; path = Happiness.app; sourceTree = BUILT_PRODUCTS_DIR; };
		45EA95041BB9EDC5003D101C /* AppDelegate.swift */ = {isa = PBXFileReference; lastKnownFileType = sourcecode.swift; path = AppDelegate.swift; sourceTree = "<group>"; };
		45EA95091BB9EDC6003D101C /* Base */ = {isa = PBXFileReference; lastKnownFileType = file.storyboard; name = Base; path = Base.lproj/Main.storyboard; sourceTree = "<group>"; };
		45EA950B1BB9EDC6003D101C /* Assets.xcassets */ = {isa = PBXFileReference; lastKnownFileType = folder.assetcatalog; path = Assets.xcassets; sourceTree = "<group>"; };
		45EA950E1BB9EDC6003D101C /* Base */ = {isa = PBXFileReference; lastKnownFileType = file.storyboard; name = Base; path = Base.lproj/LaunchScreen.storyboard; sourceTree = "<group>"; };
		45EA95101BB9EDC6003D101C /* Info.plist */ = {isa = PBXFileReference; lastKnownFileType = text.plist.xml; path = Info.plist; sourceTree = "<group>"; };
		45EA95171BB9EE8F003D101C /* HappinessViewController.swift */ = {isa = PBXFileReference; fileEncoding = 4; lastKnownFileType = sourcecode.swift; path = HappinessViewController.swift; sourceTree = "<group>"; };
		45EA95191BB9F0C8003D101C /* FaceView.swift */ = {isa = PBXFileReference; fileEncoding = 4; lastKnownFileType = sourcecode.swift; path = FaceView.swift; sourceTree = "<group>"; };
/* End PBXFileReference section */

/* Begin PBXFrameworksBuildPhase section */
		45EA94FE1BB9EDC5003D101C /* Frameworks */ = {
			isa = PBXFrameworksBuildPhase;
			buildActionMask = 2147483647;
			files = (
			);
			runOnlyForDeploymentPostprocessing = 0;
		};
/* End PBXFrameworksBuildPhase section */

/* Begin PBXGroup section */
		45EA94F81BB9EDC5003D101C = {
			isa = PBXGroup;
			children = (
				45EA95031BB9EDC5003D101C /* Happiness */,
				45EA95021BB9EDC5003D101C /* Products */,
			);
			sourceTree = "<group>";
		};
		45EA95021BB9EDC5003D101C /* Products */ = {
			isa = PBXGroup;
			children = (
				45EA95011BB9EDC5003D101C /* Happiness.app */,
			);
			name = Products;
			sourceTree = "<group>";
		};
		45EA95031BB9EDC5003D101C /* Happiness */ = {
			isa = PBXGroup;
			children = (
				45EA95081BB9EDC6003D101C /* Main.storyboard */,
				45EA95171BB9EE8F003D101C /* HappinessViewController.swift */,
				45EA95191BB9F0C8003D101C /* FaceView.swift */,
				45EA95161BB9EDDC003D101C /* Supporting Files */,
			);
			path = Happiness;
			sourceTree = "<group>";
		};
		45EA95161BB9EDDC003D101C /* Supporting Files */ = {
			isa = PBXGroup;
			children = (
				45EA95101BB9EDC6003D101C /* Info.plist */,
				45EA950D1BB9EDC6003D101C /* LaunchScreen.storyboard */,
				45EA950B1BB9EDC6003D101C /* Assets.xcassets */,
				45EA95041BB9EDC5003D101C /* AppDelegate.swift */,
			);
			name = "Supporting Files";
			sourceTree = "<group>";
		};
/* End PBXGroup section */

/* Begin PBXNativeTarget section */
		45EA95001BB9EDC5003D101C /* Happiness */ = {
			isa = PBXNativeTarget;
			buildConfigurationList = 45EA95131BB9EDC6003D101C /* Build configuration list for PBXNativeTarget "Happiness" */;
			buildPhases = (
				45EA94FD1BB9EDC5003D101C /* Sources */,
				45EA94FE1BB9EDC5003D101C /* Frameworks */,
				45EA94FF1BB9EDC5003D101C /* Resources */,
			);
			buildRules = (
			);
			dependencies = (
			);
			name = Happiness;
			productName = Happiness;
			productReference = 45EA95011BB9EDC5003D101C /* Happiness.app */;
			productType = "com.apple.product-type.application";
		};
/* End PBXNativeTarget section */

/* Begin PBXProject section */
		45EA94F91BB9EDC5003D101C /* Project object */ = {
			isa = PBXProject;
			attributes = {
				LastUpgradeCheck = 0700;
				ORGANIZATIONNAME = "Appstract Development";
				TargetAttributes = {
					45EA95001BB9EDC5003D101C = {
						CreatedOnToolsVersion = 7.0;
						DevelopmentTeam = 576SQ5E2RX;
					};
				};
			};
			buildConfigurationList = 45EA94FC1BB9EDC5003D101C /* Build configuration list for PBXProject "Happiness" */;
			compatibilityVersion = "Xcode 3.2";
			developmentRegion = English;
			hasScannedForEncodings = 0;
			knownRegions = (
				en,
				Base,
			);
			mainGroup = 45EA94F81BB9EDC5003D101C;
			productRefGroup = 45EA95021BB9EDC5003D101C /* Products */;
			projectDirPath = "";
			projectRoot = "";
			targets = (
				45EA95001BB9EDC5003D101C /* Happiness */,
			);
		};
/* End PBXProject section */

/* Begin PBXResourcesBuildPhase section */
		45EA94FF1BB9EDC5003D101C /* Resources */ = {
			isa = PBXResourcesBuildPhase;
			buildActionMask = 2147483647;
			files = (
				45EA950F1BB9EDC6003D101C /* LaunchScreen.storyboard in Resources */,
				45EA950C1BB9EDC6003D101C /* Assets.xcassets in Resources */,
				45EA950A1BB9EDC6003D101C /* Main.storyboard in Resources */,
			);
			runOnlyForDeploymentPostprocessing = 0;
		};
/* End PBXResourcesBuildPhase section */

/* Begin PBXSourcesBuildPhase section */
		45EA94FD1BB9EDC5003D101C /* Sources */ = {
			isa = PBXSourcesBuildPhase;
			buildActionMask = 2147483647;
			files = (
				45EA95181BB9EE8F003D101C /* HappinessViewController.swift in Sources */,
				45EA95051BB9EDC5003D101C /* AppDelegate.swift in Sources */,
				45EA951A1BB9F0C8003D101C /* FaceView.swift in Sources */,
			);
			runOnlyForDeploymentPostprocessing = 0;
		};
/* End PBXSourcesBuildPhase section */

/* Begin PBXVariantGroup section */
		45EA95081BB9EDC6003D101C /* Main.storyboard */ = {
			isa = PBXVariantGroup;
			children = (
				45EA95091BB9EDC6003D101C /* Base */,
			);
			name = Main.storyboard;
			sourceTree = "<group>";
		};
		45EA950D1BB9EDC6003D101C /* LaunchScreen.storyboard */ = {
			isa = PBXVariantGroup;
			children = (
				45EA950E1BB9EDC6003D101C /* Base */,
			);
			name = LaunchScreen.storyboard;
			sourceTree = "<group>";
		};
/* End PBXVariantGroup section */

/* Begin XCBuildConfiguration section */
		45EA95111BB9EDC6003D101C /* Debug */ = {
			isa = XCBuildConfiguration;
			buildSettings = {
				ALWAYS_SEARCH_USER_PATHS = NO;
				CLANG_CXX_LANGUAGE_STANDARD = "gnu++0x";
				CLANG_CXX_LIBRARY = "libc++";
				CLANG_ENABLE_MODULES = YES;
				CLANG_ENABLE_OBJC_ARC = YES;
				CLANG_WARN_BOOL_CONVERSION = YES;
				CLANG_WARN_CONSTANT_CONVERSION = YES;
				CLANG_WARN_DIRECT_OBJC_ISA_USAGE = YES_ERROR;
				CLANG_WARN_EMPTY_BODY = YES;
				CLANG_WARN_ENUM_CONVERSION = YES;
				CLANG_WARN_INT_CONVERSION = YES;
				CLANG_WARN_OBJC_ROOT_CLASS = YES_ERROR;
				CLANG_WARN_UNREACHABLE_CODE = YES;
				CLANG_WARN__DUPLICATE_METHOD_MATCH = YES;
				"CODE_SIGN_IDENTITY[sdk=iphoneos*]" = "iPhone Developer";
				COPY_PHASE_STRIP = NO;
				DEBUG_INFORMATION_FORMAT = dwarf;
				ENABLE_STRICT_OBJC_MSGSEND = YES;
				ENABLE_TESTABILITY = YES;
				GCC_C_LANGUAGE_STANDARD = gnu99;
				GCC_DYNAMIC_NO_PIC = NO;
				GCC_NO_COMMON_BLOCKS = YES;
				GCC_OPTIMIZATION_LEVEL = 0;
				GCC_PREPROCESSOR_DEFINITIONS = (
					"DEBUG=1",
					"$(inherited)",
				);
				GCC_WARN_64_TO_32_BIT_CONVERSION = YES;
				GCC_WARN_ABOUT_RETURN_TYPE = YES_ERROR;
				GCC_WARN_UNDECLARED_SELECTOR = YES;
				GCC_WARN_UNINITIALIZED_AUTOS = YES_AGGRESSIVE;
				GCC_WARN_UNUSED_FUNCTION = YES;
				GCC_WARN_UNUSED_VARIABLE = YES;
				IPHONEOS_DEPLOYMENT_TARGET = 9.0;
				MTL_ENABLE_DEBUG_INFO = YES;
				ONLY_ACTIVE_ARCH = YES;
				SDKROOT = iphoneos;
				SWIFT_OPTIMIZATION_LEVEL = "-Onone";
				TARGETED_DEVICE_FAMILY = "1,2";
			};
			name = Debug;
		};
		45EA95121BB9EDC6003D101C /* Release */ = {
			isa = XCBuildConfiguration;
			buildSettings = {
				ALWAYS_SEARCH_USER_PATHS = NO;
				CLANG_CXX_LANGUAGE_STANDARD = "gnu++0x";
				CLANG_CXX_LIBRARY = "libc++";
				CLANG_ENABLE_MODULES = YES;
				CLANG_ENABLE_OBJC_ARC = YES;
				CLANG_WARN_BOOL_CONVERSION = YES;
				CLANG_WARN_CONSTANT_CONVERSION = YES;
				CLANG_WARN_DIRECT_OBJC_ISA_USAGE = YES_ERROR;
				CLANG_WARN_EMPTY_BODY = YES;
				CLANG_WARN_ENUM_CONVERSION = YES;
				CLANG_WARN_INT_CONVERSION = YES;
				CLANG_WARN_OBJC_ROOT_CLASS = YES_ERROR;
				CLANG_WARN_UNREACHABLE_CODE = YES;
				CLANG_WARN__DUPLICATE_METHOD_MATCH = YES;
				"CODE_SIGN_IDENTITY[sdk=iphoneos*]" = "iPhone Developer";
				COPY_PHASE_STRIP = NO;
				DEBUG_INFORMATION_FORMAT = "dwarf-with-dsym";
				ENABLE_NS_ASSERTIONS = NO;
				ENABLE_STRICT_OBJC_MSGSEND = YES;
				GCC_C_LANGUAGE_STANDARD = gnu99;
				GCC_NO_COMMON_BLOCKS = YES;
				GCC_WARN_64_TO_32_BIT_CONVERSION = YES;
				GCC_WARN_ABOUT_RETURN_TYPE = YES_ERROR;
				GCC_WARN_UNDECLARED_SELECTOR = YES;
				GCC_WARN_UNINITIALIZED_AUTOS = YES_AGGRESSIVE;
				GCC_WARN_UNUSED_FUNCTION = YES;
				GCC_WARN_UNUSED_VARIABLE = YES;
				IPHONEOS_DEPLOYMENT_TARGET = 9.0;
				MTL_ENABLE_DEBUG_INFO = NO;
				SDKROOT = iphoneos;
				TARGETED_DEVICE_FAMILY = "1,2";
				VALIDATE_PRODUCT = YES;
			};
			name = Release;
		};
		45EA95141BB9EDC6003D101C /* Debug */ = {
			isa = XCBuildConfiguration;
			buildSettings = {
				ASSETCATALOG_COMPILER_APPICON_NAME = AppIcon;
				INFOPLIST_FILE = Happiness/Info.plist;
				LD_RUNPATH_SEARCH_PATHS = "$(inherited) @executable_path/Frameworks";
				PRODUCT_BUNDLE_IDENTIFIER = nanati.com.Happiness;
				PRODUCT_NAME = "$(TARGET_NAME)";
			};
			name = Debug;
		};
		45EA95151BB9EDC6003D101C /* Release */ = {
			isa = XCBuildConfiguration;
			buildSettings = {
				ASSETCATALOG_COMPILER_APPICON_NAME = AppIcon;
				INFOPLIST_FILE = Happiness/Info.plist;
				LD_RUNPATH_SEARCH_PATHS = "$(inherited) @executable_path/Frameworks";
				PRODUCT_BUNDLE_IDENTIFIER = nanati.com.Happiness;
				PRODUCT_NAME = "$(TARGET_NAME)";
			};
			name = Release;
		};
/* End XCBuildConfiguration section */

/* Begin XCConfigurationList section */
		45EA94FC1BB9EDC5003D101C /* Build configuration list for PBXProject "Happiness" */ = {
			isa = XCConfigurationList;
			buildConfigurations = (
				45EA95111BB9EDC6003D101C /* Debug */,
				45EA95121BB9EDC6003D101C /* Release */,
			);
			defaultConfigurationIsVisible = 0;
			defaultConfigurationName = Release;
		};
		45EA95131BB9EDC6003D101C /* Build configuration list for PBXNativeTarget "Happiness" */ = {
			isa = XCConfigurationList;
			buildConfigurations = (
				45EA95141BB9EDC6003D101C /* Debug */,
				45EA95151BB9EDC6003D101C /* Release */,
			);
			defaultConfigurationIsVisible = 0;
		};
/* End XCConfigurationList section */
	};
	rootObject = 45EA94F91BB9EDC5003D101C /* Project object */;
}
